{
  "name": "dcf-cli",
  "version": "2.1.0",
  "lockfileVersion": 3,
  "requires": true,
  "packages": {
    "": {
      "name": "dcf-cli",
      "version": "2.1.0",
      "engines": {
        "node": ">=22.5.0"
      },
      "bin": {
        "dcfbuild": "bin/dcfbuild.mjs",
        "dcf": "bin/dcf.mjs"
      }
    }
  }
}
